{
    "_meta": {
        "hash": {
            "sha256": "a6e1e33987c0a4cd8075a067a1cfb6c2b4c5e55ccb4cf0a052a7bbe863b46508"
        },
        "host-environment-markers": {
            "implementation_name": "cpython",
            "implementation_version": "3.6.4",
            "os_name": "posix",
            "platform_machine": "x86_64",
            "platform_python_implementation": "CPython",
            "platform_release": "17.5.0",
            "platform_system": "Darwin",
            "platform_version": "Darwin Kernel Version 17.5.0: Mon Mar  5 22:24:32 PST 2018; root:xnu-4570.51.1~1/RELEASE_X86_64",
            "python_full_version": "3.6.4",
            "python_version": "3.6",
            "sys_platform": "darwin"
        },
        "pipfile-spec": 6,
        "requires": {},
        "sources": [
            {
                "name": "pypi",
                "url": "https://pypi.python.org/simple",
                "verify_ssl": true
            }
        ]
    },
    "default": {
        "absl-py": {
            "hashes": [
                "sha256:d160f7dc39f2f05ddc0bbf3a7bea4cc659fedc45fd9042e87346b24fe1cd00bb"
            ],
            "version": "==0.1.13"
        },
        "astor": {
            "hashes": [
                "sha256:64c805f1ad6fbc505633416b6174fc23796eb164f371a7dc1f3951ea30560fb5",
                "sha256:ff6d2e2962d834acb125cc4dcc80c54a8c17c253f4cc9d9c43b5102a560bb75d"
            ],
            "version": "==0.6.2"
        },
        "bleach": {
            "hashes": [
                "sha256:e67f46adcec78dbc3c04462f3aba3213a673d5652eba2609ed1ef15492a44b8d",
                "sha256:978e758599b54cd3caa2e160d74102879b230ea8dc93871d0783721eef58bc65"
            ],
            "version": "==1.5.0"
        },
        "certifi": {
            "hashes": [
                "sha256:9fa520c1bacfb634fa7af20a76bcbd3d5fb390481724c597da32c719a7dca4b0",
                "sha256:13e698f54293db9f89122b0581843a782ad0934a4fe0172d2a980ba77fc61bb7"
            ],
            "version": "==2018.4.16"
        },
        "chardet": {
            "hashes": [
                "sha256:fc323ffcaeaed0e0a02bf4d117757b98aed530d9ed4531e3e15460124c106691",
                "sha256:84ab92ed1c4d4f16916e05906b6b75a6c0fb5db821cc65e70cbd64a3e2a5eaae"
            ],
            "version": "==3.0.4"
        },
        "gast": {
            "hashes": [
                "sha256:7068908321ecd2774f145193c4b34a11305bd104b4551b09273dfd1d6a374930"
            ],
            "version": "==0.2.0"
        },
        "grpcio": {
            "hashes": [
                "sha256:5487948a33ded0577035fb9ad5c542463fabdb356d27fb6cf3eed0bed78f5228",
                "sha256:c0232401d096d9beb06d1af42cf3d65bcc790557712c8b0226809c27401dd455",
                "sha256:89b96cb00db3e4c2f612ddff81b27afd2406bf697f0654dcd5ba7bed3d5b9322",
                "sha256:e9cf01192ed663a277b64bc559066b07a1355cd85b74cbca9353a25e8bd45544",
                "sha256:ef886f8c845ce7c011b2c154fd2b7998f920d145a2dfa121459e8df5b562a879",
                "sha256:bef5ce5cfe622830da8b92420748e7f5719d208198d750eb497a74fa20da5907",
                "sha256:b092361aed6a5ab201e750ccc2fc59250448107cb958c63194455fd5161f3dcc",
                "sha256:03522ca2b80cc83c407d6d5fa0f532fc5b0160f5861ab6628ae418218022f339",
                "sha256:e35e4c0e5fe5f0fd8914a1630443f7272a752fb9d39c96771799a32056b06ab5",
                "sha256:d829735b1862687074ef9df15f6c4fc1f3b27c0c80d4890ef985c039cdb256c6",
                "sha256:0c07fc5a9fa73832bca228d9004dc0a511d1f1a890c8ff0fb6e78f7fa1b96d58",
                "sha256:cfc2595325ac3bbd170293050a3ff0b5c8e3846d8498d9b2dedcd3063460c007",
                "sha256:db2430e38a268e64c980e34a62b7f50365a4401172a2f5202ad05eb156e418da",
                "sha256:cf6e88dc0fc06e446c689304bae6cc15df0517f02ee2ac52bcef0cb893b3e9ba",
                "sha256:e9b9e67059c81f5b232991c573601856065562f010b655b3afd7ab38459ac321",
                "sha256:d4d4eb072fa2c44a8fe22475874c13c2cc786dba587f633cd47720fb8fec922e",
                "sha256:efcf5ea73af68e110c375173495f36d9ed1e50bc88eeae1314f5573f750eecb9",
                "sha256:6727633444344e14d499f81e41e87de29f42653a0c048c0fce780b29e2ffe563",
                "sha256:d78d29295723493327c68aa39407ec44ed7a4ed326dde413cce57e2409683f68",
                "sha256:e9b09fbae7bcc1b1791168665c29bcf37253f54d9d5e6bc8a533a9917912f1f6",
                "sha256:e1a648519db0de7bab3583dc2471f4c12ee3fc8a8c459e75da9e05ae70cf9ce7",
                "sha256:7e81d2cd63fbc77782b140d728a5444c09a7ef1ea99957c490b722e416671921",
                "sha256:fc4deee5b4402c4bd37b3c7dbcde8903be89b9026af0f5777f63ae24069cafec",
                "sha256:df3f75f88431da28b1c60a043f2a4f2e359287249baf317f4eda20626b34ce5d",
                "sha256:592b14bab2cf8a5ac6e0b1e763b10828dda55ae74e4a476102897a25d033d0b8",
                "sha256:7aaa523dd5e91acb61d41232eef96192a66b1e8d85d79a55a204093dce50b696",
                "sha256:a26d32bdc1479c3983194ad380e4cc4bad379729fac4d4acbbda209658d65610"
            ],
            "version": "==1.11.0"
        },
        "html5lib": {
            "hashes": [
                "sha256:2612a191a8d5842bfa057e41ba50bbb9dcb722419d2408c78cff4758d0754868"
            ],
            "version": "==0.9999999"
        },
        "idna": {
            "hashes": [
                "sha256:8c7309c718f94b3a625cb648ace320157ad16ff131ae0af362c9f21b80ef6ec4",
                "sha256:2c6a5de3089009e3da7c5dde64a141dbc8551d5b7f6cf4ed7c2568d0cc520a8f"
            ],
            "version": "==2.6"
        },
        "markdown": {
            "hashes": [
                "sha256:9ba587db9daee7ec761cfc656272be6aabe2ed300fece21208e4aab2e457bc8f",
                "sha256:a856869c7ff079ad84a3e19cd87a64998350c2b94e9e08e44270faef33400f81"
            ],
            "version": "==2.6.11"
        },
        "numpy": {
            "hashes": [
                "sha256:719d914f564f35cce4dc103808f8297c807c9f0297ac183ed81ae8b5650e698e",
                "sha256:0f6a5ed0cd7ab1da11f5c07a8ecada73fc55a70ef7bb6311a4109891341d7277",
                "sha256:d0928076d9bd8a98de44e79b1abe50c1456e7abbb40af7ef58092086f1a6c729",
                "sha256:d858423f5ed444d494b15c4cc90a206e1b8c31354c781ac7584da0d21c09c1c3",
                "sha256:20cac3123d791e4bf8482a580d98d6b5969ba348b9d5364df791ba3a666b660d",
                "sha256:528ce59ded2008f9e8543e0146acb3a98a9890da00adf8904b1e18c82099418b",
                "sha256:56e392b7c738bd70e6f46cf48c8194d3d1dd4c5a59fae4b30c58bb6ef86e5233",
                "sha256:99051e03b445117b26028623f1a487112ddf61a09a27e2d25e6bc07d37d94f25",
                "sha256:768e777cc1ffdbf97c507f65975c8686ebafe0f3dc8925d02ac117acc4669ce9",
                "sha256:675e0f23967ce71067d12b6944add505d5f0a251f819cfb44bdf8ee7072c090d",
                "sha256:a958bf9d4834c72dee4f91a0476e7837b8a2966dc6fcfc42c421405f98d0da51",
                "sha256:bb370120de6d26004358611441e07acda26840e41dfedc259d7f8cc613f96495",
                "sha256:f2b1378b63bdb581d5d7af2ec0373c8d40d651941d283a2afd7fc71184b3f570",
                "sha256:a1413d06abfa942ca0553bf3bccaff5fdb36d55b84f2248e36228db871147dab",
                "sha256:7f76d406c6b998d6410198dcb82688dcdaec7d846aa87e263ccf52efdcfeba30",
                "sha256:a7157c9ac6bddd2908c35ef099e4b643bc0e0ebb4d653deb54891d29258dd329",
                "sha256:0fd65cbbfdbf76bbf80c445d923b3accefea0fe2c2082049e0ce947c81fe1d3f",
                "sha256:8c18ee4dddd5c6a811930c0a7c7947bf16387da3b394725f6063f1366311187d",
                "sha256:0739146eaf4985962f07c62f7133aca89f3a600faac891ce6c7f3a1e2afe5272",
                "sha256:07e21f14490324cc1160db101e9b6c1233c33985af4cb1d301dd02650fea1d7f",
                "sha256:e6120d63b50e2248219f53302af7ec6fa2a42ed1f37e9cda2c76dbaca65036a7",
                "sha256:6be6b0ca705321c178c9858e5ad5611af664bbdfae1df1541f938a840a103888",
                "sha256:facc6f925c3099ac01a1f03758100772560a0b020fb9d70f210404be08006bcb"
            ],
            "version": "==1.14.2"
        },
        "protobuf": {
            "hashes": [
                "sha256:ac0067e3c60737865ed72bb7416e02297d229d960902802d874c0e167128c809",
                "sha256:5c1c8f6a0a68a874e3beff89255959dd80fad45870e96c88944a1b81a22dd5f5",
                "sha256:7c193e6964e752bd056735594826c5b03274ceb8f07349d3ae47d9766250ba96",
                "sha256:bcfa99f5a82f5eaaf6e5cee5bfdca5a1670f5740aec1d93dae170645ed1a16b0",
                "sha256:e269ab7a50bf0fa6fe6a88ea7dcc7a1079ae9450d9ab9b7730ac32916d55508b",
                "sha256:01ccd6d03449ae75b779fb5bf4ed62177d61afe3c5e6465ccf3f8b2e1a84afbe",
                "sha256:628a3bf0794a8b3cabb18db11eb67cc10e0cc6e5525d557ae7b682bb73fa2018",
                "sha256:242e4c7ae565267a8bc8b92d707177f915607ea4bd73244bec6cbf4a49b96661",
                "sha256:e7fd33a3474cbe18fd5b5620784a0fa21fcae3e402b1806e29c6b450c7f61706",
                "sha256:cc94079ae6cbcea5ae194464a30f3223f075e06a0446f52bca9ddbeb6e9f412a",
                "sha256:7222d6616108b33ad6cbeff8117062a73c43cdc8fa8f64f6a322ebeb663e710e",
                "sha256:3f655e1f99c3e14d56ca900af1b9a4715b691319a295cc38939d7f77eabd5e7c",
                "sha256:76ef6ca3c50e4cfd044861586d5f1b352e0fe7f17f883df6c165bad5b4d0e10a",
                "sha256:560a38e692a69957a70ba0e5839aa67430efd63072bf91b0539dac19055694cd",
                "sha256:d5d9edfdc5a3a01d06062d677b121081629782edf0e05ca1be14f15bb947eeee",
                "sha256:869e12bcfb5759e683f53ec1dd6155b7be034065431da289f0cb4510040a0799",
                "sha256:905414e5ea6cdb78d8730f66335755152b46685fcb9fc2f2134024e3ea9e8dcc",
                "sha256:adf716a89c9cc1891ead79a861c427071ef59172f0e11967b00565a9547b3bd0",
                "sha256:1d92cc30b0b46cced33adde5853d920179eb5ea8eecdee9552502a7f29cc3f21",
                "sha256:3b60685732bd0cbdc802dfcb6071efbcf5d927ce3127c13c33ea1a8efae3aa76"
            ],
            "version": "==3.5.2.post1"
        },
        "requests": {
            "hashes": [
                "sha256:6a1b267aa90cac58ac3a765d067950e7dbbf75b1da07e895d1f594193a40a38b",
                "sha256:9c443e7324ba5b85070c4a818ade28bfabedf16ea10206da1132edaa6dda237e"
            ],
            "version": "==2.18.4"
        },
        "six": {
            "hashes": [
                "sha256:832dc0e10feb1aa2c68dcc57dbb658f1c7e65b9b61af69048abc87a2db00a0eb",
                "sha256:70e8a77beed4562e7f14fe23a786b54f6296e34344c23bc42f07b15018ff98e9"
            ],
            "version": "==1.11.0"
        },
        "tensorboard": {
            "hashes": [
                "sha256:f3a873d87eb1558836e2a4f0cda3003e93824345ab3f22aba4770ac1b79f8ded",
                "sha256:4c4793f904d2e8f5b83fc05ae3330e48c8305f08a3250019a6f44e37681644a9"
            ],
            "version": "==1.7.0"
        },
        "tensorflow": {
            "hashes": [
                "sha256:423cd937ed818adddce48a943dea8cd3dba5f645337514046e2f0574626c1960",
                "sha256:6d76df83545b846f74e0d661c15261872a3cf1e0a4a8dfd02bce7b0bd06d2076",
                "sha256:e4493e05dcc70ac519883129ef4541688f534efce61b04d2dbe0b0224935bf5c",
                "sha256:fe1b62935be1ef583601fc69878329e1bc735db2f159e03a622c98d7504e19ad",
                "sha256:3d21532940f35e1a125fb58b3572892ab7e8fe26080b53ffd6edd4b89bc24e4b",
                "sha256:c3282ee56d0a43bf319171ca3c8933d480fe848e84ec82f189c002a3090a732b",
                "sha256:7e3901113001b5e95862db52f5c30dd31fa420f68981008bc57f5c8c327145f9",
                "sha256:69e32726b30e7e0d3b90ce8f61a9e970fce327c93bffbc8f381657a3b25d787f",
                "sha256:3d94790438edd2d54d07eec1104a1bc1b3917163f39dd3933e9ccd89742c6554",
                "sha256:ee3bb377bc8ba40cb32852193f030b6e24e318d3f85b8d35c67957c1bd39fa1c",
                "sha256:999dfb596b12f87717111eb1218fbe072d37bc8bb3fd05c4a1a2646a3f5e7aeb",
                "sha256:a2b6e2da86805ec0552732ab043b18d5c2c2c9c09050d25dee38edb08403bbca"
            ],
            "version": "==1.7.0"
        },
        "tensorflowservingclient": {
            "hashes": [
                "sha256:8d32e8d0e3703155f350dc0d2ffa01df2ae15741076fa252828387780a36184b",
                "sha256:4b123dd6f9158ff48e8a57fa90b2fdd76c0b2e9933a506b716fc73fae91725d4"
            ],
            "version": "==0.5.1.post2"
        },
        "termcolor": {
            "hashes": [
                "sha256:1d6d69ce66211143803fbc56652b41d73b4a400a2891d7bf7a1cdf4c02de613b"
            ],
            "version": "==1.1.0"
        },
        "urllib3": {
            "hashes": [
                "sha256:06330f386d6e4b195fbfc736b297f58c5a892e4440e54d294d7004e3a9bbea1b",
                "sha256:cc44da8e1145637334317feebd728bd869a35285b93cbb4cca2577da7e62db4f"
            ],
            "version": "==1.22"
        },
        "werkzeug": {
            "hashes": [
                "sha256:d5da73735293558eb1651ee2fddc4d0dedcfa06538b8813a2e20011583c9e49b",
                "sha256:c3fd7a7d41976d9f44db327260e263132466836cef6f91512889ed60ad26557c"
            ],
            "version": "==0.14.1"
        },
        "wheel": {
            "hashes": [
                "sha256:9cdc8ab2cc9c3c2e2727a4b67c22881dbb0e1c503d592992594c5e131c867107",
                "sha256:1ae8153bed701cb062913b72429bcf854ba824f973735427681882a688cb55ce"
            ],
            "markers": "python_version >= '3'",
            "version": "==0.31.0"
        }
    },
    "develop": {}
}
